
Microsoft Visual Studio Solution File, Format Version 12.00
# Visual Studio Version 16
VisualStudioVersion = 16.0.29424.173
MinimumVisualStudioVersion = 10.0.40219.1
Project("{FAE04EC0-301F-11D3-BF4B-00C04F79EFBC}") = "ImageCalibration", "ImageCalibration\ImageCalibration.csproj", "{0785A460-1157-40D3-AEF3-895DBBAD3C0D}"
EndProject
Global
	GlobalSection(SolutionConfigurationPlatforms) = preSolution
		Debug|Any CPU = Debug|Any CPU
		Release|Any CPU = Release|Any CPU
	EndGlobalSection
	GlobalSection(ProjectConfigurationPlatforms) = postSolution
		{0785A460-1157-40D3-AEF3-895DBBAD3C0D}.Debug|Any CPU.ActiveCfg = Debug|Any CPU
		{0785A460-1157-40D3-AEF3-895DBBAD3C0D}.Debug|Any CPU.Build.0 = Debug|Any CPU
		{0785A460-1157-40D3-AEF3-895DBBAD3C0D}.Release|Any CPU.ActiveCfg = Release|Any CPU
		{0785A460-1157-40D3-AEF3-895DBBAD3C0D}.Release|Any CPU.Build.0 = Release|Any CPU
	EndGlobalSection
	GlobalSection(SolutionProperties) = preSolution
		HideSolutionNode = FALSE
	EndGlobalSection
	GlobalSection(ExtensibilityGlobals) = postSolution
		SolutionGuid = {56A442AD-DE9F-4143-B41A-A5401AE64735}
	EndGlobalSection
EndGlobal
